
Microsoft Visual Studio Solution File, Format Version 12.00
# Visual Studio Version 17
VisualStudioVersion = 17.10.35013.160
MinimumVisualStudioVersion = 10.0.40219.1
Project("{FAE04EC0-301F-11D3-BF4B-00C04F79EFBC}") = "Practice - While vs Do-While", "Practice - While vs Do-While\Practice - While vs Do-While.csproj", "{C6291E6D-E87D-4410-BA4D-5C6381B66962}"
EndProject
Global
	GlobalSection(SolutionConfigurationPlatforms) = preSolution
		Debug|Any CPU = Debug|Any CPU
		Release|Any CPU = Release|Any CPU
	EndGlobalSection
	GlobalSection(ProjectConfigurationPlatforms) = postSolution
		{C6291E6D-E87D-4410-BA4D-5C6381B66962}.Debug|Any CPU.ActiveCfg = Debug|Any CPU
		{C6291E6D-E87D-4410-BA4D-5C6381B66962}.Debug|Any CPU.Build.0 = Debug|Any CPU
		{C6291E6D-E87D-4410-BA4D-5C6381B66962}.Release|Any CPU.ActiveCfg = Release|Any CPU
		{C6291E6D-E87D-4410-BA4D-5C6381B66962}.Release|Any CPU.Build.0 = Release|Any CPU
	EndGlobalSection
	GlobalSection(SolutionProperties) = preSolution
		HideSolutionNode = FALSE
	EndGlobalSection
	GlobalSection(ExtensibilityGlobals) = postSolution
		SolutionGuid = {FADDB49E-CCBD-4901-B127-CF5D7D48083F}
	EndGlobalSection
EndGlobal
